
Microsoft Visual Studio Solution File, Format Version 12.00
# Visual Studio 15
VisualStudioVersion = 15.0.27703.2000
MinimumVisualStudioVersion = 10.0.40219.1
Project("{9A19103F-16F7-4668-BE54-9A1E7A4F7556}") = "AnimalsInTheZoo", "AnimalsInTheZoo\AnimalsInTheZoo.csproj", "{490A6BA7-3B82-4925-9E52-97F8CA9DCFCF}"
EndProject
Project("{FAE04EC0-301F-11D3-BF4B-00C04F79EFBC}") = "NUnit1", "NUnit1\NUnit1.csproj", "{63A2ECE3-69D6-4583-9375-552CB89C3A52}"
EndProject
Global
	GlobalSection(SolutionConfigurationPlatforms) = preSolution
		Debug|Any CPU = Debug|Any CPU
		Release|Any CPU = Release|Any CPU
	EndGlobalSection
	GlobalSection(ProjectConfigurationPlatforms) = postSolution
		{490A6BA7-3B82-4925-9E52-97F8CA9DCFCF}.Debug|Any CPU.ActiveCfg = Debug|Any CPU
		{490A6BA7-3B82-4925-9E52-97F8CA9DCFCF}.Debug|Any CPU.Build.0 = Debug|Any CPU
		{490A6BA7-3B82-4925-9E52-97F8CA9DCFCF}.Release|Any CPU.ActiveCfg = Release|Any CPU
		{490A6BA7-3B82-4925-9E52-97F8CA9DCFCF}.Release|Any CPU.Build.0 = Release|Any CPU
		{63A2ECE3-69D6-4583-9375-552CB89C3A52}.Debug|Any CPU.ActiveCfg = Debug|Any CPU
		{63A2ECE3-69D6-4583-9375-552CB89C3A52}.Debug|Any CPU.Build.0 = Debug|Any CPU
		{63A2ECE3-69D6-4583-9375-552CB89C3A52}.Release|Any CPU.ActiveCfg = Release|Any CPU
		{63A2ECE3-69D6-4583-9375-552CB89C3A52}.Release|Any CPU.Build.0 = Release|Any CPU
	EndGlobalSection
	GlobalSection(SolutionProperties) = preSolution
		HideSolutionNode = FALSE
	EndGlobalSection
	GlobalSection(ExtensibilityGlobals) = postSolution
		SolutionGuid = {921BE6AC-FEA0-42A4-BEC9-025DAD5CEF3B}
	EndGlobalSection
EndGlobal
