
Microsoft Visual Studio Solution File, Format Version 12.00
# Visual Studio 15
VisualStudioVersion = 15.0.27703.2000
MinimumVisualStudioVersion = 10.0.40219.1
Project("{FAE04EC0-301F-11D3-BF4B-00C04F79EFBC}") = "ColoredBox", "ColoredBox\ColoredBox.csproj", "{214A02D6-CE7B-4E00-A1EF-177C02C0BDAC}"
EndProject
Global
	GlobalSection(SolutionConfigurationPlatforms) = preSolution
		Debug|Any CPU = Debug|Any CPU
		Release|Any CPU = Release|Any CPU
	EndGlobalSection
	GlobalSection(ProjectConfigurationPlatforms) = postSolution
		{214A02D6-CE7B-4E00-A1EF-177C02C0BDAC}.Debug|Any CPU.ActiveCfg = Debug|Any CPU
		{214A02D6-CE7B-4E00-A1EF-177C02C0BDAC}.Debug|Any CPU.Build.0 = Debug|Any CPU
		{214A02D6-CE7B-4E00-A1EF-177C02C0BDAC}.Release|Any CPU.ActiveCfg = Release|Any CPU
		{214A02D6-CE7B-4E00-A1EF-177C02C0BDAC}.Release|Any CPU.Build.0 = Release|Any CPU
	EndGlobalSection
	GlobalSection(SolutionProperties) = preSolution
		HideSolutionNode = FALSE
	EndGlobalSection
	GlobalSection(ExtensibilityGlobals) = postSolution
		SolutionGuid = {71FACAC9-835B-482A-B7B2-2BFE75A17DB9}
	EndGlobalSection
EndGlobal
