
Microsoft Visual Studio Solution File, Format Version 12.00
# Visual Studio 15
VisualStudioVersion = 15.0.27703.2000
MinimumVisualStudioVersion = 10.0.40219.1
Project("{FAE04EC0-301F-11D3-BF4B-00C04F79EFBC}") = "StringAgainAndAgain", "StringAgainAndAgain\StringAgainAndAgain.csproj", "{713E8B75-253A-46A4-B225-7E004BB50A37}"
EndProject
Global
	GlobalSection(SolutionConfigurationPlatforms) = preSolution
		Debug|Any CPU = Debug|Any CPU
		Release|Any CPU = Release|Any CPU
	EndGlobalSection
	GlobalSection(ProjectConfigurationPlatforms) = postSolution
		{713E8B75-253A-46A4-B225-7E004BB50A37}.Debug|Any CPU.ActiveCfg = Debug|Any CPU
		{713E8B75-253A-46A4-B225-7E004BB50A37}.Debug|Any CPU.Build.0 = Debug|Any CPU
		{713E8B75-253A-46A4-B225-7E004BB50A37}.Release|Any CPU.ActiveCfg = Release|Any CPU
		{713E8B75-253A-46A4-B225-7E004BB50A37}.Release|Any CPU.Build.0 = Release|Any CPU
	EndGlobalSection
	GlobalSection(SolutionProperties) = preSolution
		HideSolutionNode = FALSE
	EndGlobalSection
	GlobalSection(ExtensibilityGlobals) = postSolution
		SolutionGuid = {6DBFA107-F7E8-4D11-87B5-4950DBE84593}
	EndGlobalSection
EndGlobal
